
Microsoft Visual Studio Solution File, Format Version 12.00
# Visual Studio Version 16
VisualStudioVersion = 16.0.31205.134
MinimumVisualStudioVersion = 10.0.40219.1
Project("{FAE04EC0-301F-11D3-BF4B-00C04F79EFBC}") = "WhenWasBorn", "WhenWasBorn\WhenWasBorn.csproj", "{97188780-E05F-4C5F-BE07-E55D6DC7E457}"
EndProject
Global
	GlobalSection(SolutionConfigurationPlatforms) = preSolution
		Debug|Any CPU = Debug|Any CPU
		Release|Any CPU = Release|Any CPU
	EndGlobalSection
	GlobalSection(ProjectConfigurationPlatforms) = postSolution
		{97188780-E05F-4C5F-BE07-E55D6DC7E457}.Debug|Any CPU.ActiveCfg = Debug|Any CPU
		{97188780-E05F-4C5F-BE07-E55D6DC7E457}.Debug|Any CPU.Build.0 = Debug|Any CPU
		{97188780-E05F-4C5F-BE07-E55D6DC7E457}.Release|Any CPU.ActiveCfg = Release|Any CPU
		{97188780-E05F-4C5F-BE07-E55D6DC7E457}.Release|Any CPU.Build.0 = Release|Any CPU
	EndGlobalSection
	GlobalSection(SolutionProperties) = preSolution
		HideSolutionNode = FALSE
	EndGlobalSection
	GlobalSection(ExtensibilityGlobals) = postSolution
		SolutionGuid = {FFC6EF5E-AF97-4EBA-B56F-9EAC405E5A55}
	EndGlobalSection
EndGlobal
