
Microsoft Visual Studio Solution File, Format Version 12.00
# Visual Studio Version 16
VisualStudioVersion = 16.0.31005.135
MinimumVisualStudioVersion = 10.0.40219.1
Project("{FAE04EC0-301F-11D3-BF4B-00C04F79EFBC}") = "TypeSystemImprovements", "TypeSystemImprovements\TypeSystemImprovements.csproj", "{170D7A50-60AE-4EA3-B245-7625A47EB7F1}"
EndProject
Global
	GlobalSection(SolutionConfigurationPlatforms) = preSolution
		Debug|Any CPU = Debug|Any CPU
		Release|Any CPU = Release|Any CPU
	EndGlobalSection
	GlobalSection(ProjectConfigurationPlatforms) = postSolution
		{170D7A50-60AE-4EA3-B245-7625A47EB7F1}.Debug|Any CPU.ActiveCfg = Debug|Any CPU
		{170D7A50-60AE-4EA3-B245-7625A47EB7F1}.Debug|Any CPU.Build.0 = Debug|Any CPU
		{170D7A50-60AE-4EA3-B245-7625A47EB7F1}.Release|Any CPU.ActiveCfg = Release|Any CPU
		{170D7A50-60AE-4EA3-B245-7625A47EB7F1}.Release|Any CPU.Build.0 = Release|Any CPU
	EndGlobalSection
	GlobalSection(SolutionProperties) = preSolution
		HideSolutionNode = FALSE
	EndGlobalSection
	GlobalSection(ExtensibilityGlobals) = postSolution
		SolutionGuid = {BCB13041-941E-4D18-B00D-122A749D4998}
	EndGlobalSection
EndGlobal
